lockfileVersion: '9.0'

settings:
  autoInstallPeers: true
  excludeLinksFromLockfile: false

importers:

  .:
    dependencies:
      allure-playwright:
        specifier: 3.0.0-beta.10
        version: 3.0.0-beta.10(@playwright/test@1.46.1)
    devDependencies:
      '@playwright/test':
        specifier: ^1.46.1
        version: 1.46.1
      '@types/node':
        specifier: ^22.5.0
        version: 22.5.0
      dotenv:
        specifier: ^16.4.5
        version: 16.4.5

packages:

  '@playwright/test@1.46.1':
    resolution: {integrity: sha512-Fq6SwLujA/DOIvNC2EL/SojJnkKf/rAwJ//APpJJHRyMi1PdKrY3Az+4XNQ51N4RTbItbIByQ0jgd1tayq1aeA==}
    engines: {node: '>=18'}
    hasBin: true

  '@types/node@22.5.0':
    resolution: {integrity: sha512-DkFrJOe+rfdHTqqMg0bSNlGlQ85hSoh2TPzZyhHsXnMtligRWpxUySiyw8FY14ITt24HVCiQPWxS3KO/QlGmWg==}

  allure-js-commons@3.0.0-beta.10:
    resolution: {integrity: sha512-LCfhDYjc6zQkbQYbFNmgVnwBO/izHaamJr1GImWgD4hdstoSPWbrzeUSjbD22ZZaSkxbhkW89/1Ljlgm/yO3Zg==}
    peerDependencies:
      allure-playwright: 3.0.0-beta.10
    peerDependenciesMeta:
      allure-playwright:
        optional: true

  allure-playwright@3.0.0-beta.10:
    resolution: {integrity: sha512-KhoVeAW8/Vo+w5DKDtWDvF08aWyTEryf5WpzeqzufANT2mz2DzM4EBQUoGcSpvXMtJO2TysOweQBt6/pM9m0xQ==}
    peerDependencies:
      '@playwright/test': '>=1.36.0'

  charenc@0.0.2:
    resolution: {integrity: sha512-yrLQ/yVUFXkzg7EDQsPieE/53+0RlaWTs+wBrvW36cyilJ2SaDWfl4Yj7MtLTXleV9uEKefbAGUPv2/iWSooRA==}

  crypt@0.0.2:
    resolution: {integrity: sha512-mCxBlsHFYh9C+HVpiEacem8FEBnMXgU9gy4zmNC+SXAZNB/1idgp/aulFJ4FgCi7GPEVbfyng092GqL2k2rmow==}

  dotenv@16.4.5:
    resolution: {integrity: sha512-ZmdL2rui+eB2YwhsWzjInR8LldtZHGDoQ1ugH85ppHKwpUHL7j7rN0Ti9NCnGiQbhaZ11FpR+7ao1dNsmduNUg==}
    engines: {node: '>=12'}

  fsevents@2.3.2:
    resolution: {integrity: sha512-xiqMQR4xAeHTuB9uWm+fFRcIOgKBMiOBP+eXiyT7jsgVCq1bkVygt00oASowB7EdtpOHaaPgKt812P9ab+DDKA==}
    engines: {node: ^8.16.0 || ^10.6.0 || >=11.0.0}
    os: [darwin]

  is-buffer@1.1.6:
    resolution: {integrity: sha512-NcdALwpXkTm5Zvvbk7owOUSvVvBKDgKP5/ewfXEznmQFfs4ZRmanOeKBTjRVjka3QFoN6XJ+9F3USqfHqTaU5w==}

  md5@2.3.0:
    resolution: {integrity: sha512-T1GITYmFaKuO91vxyoQMFETst+O71VUPEU3ze5GNzDm0OWdP8v1ziTaAEPUr/3kLsY3Sftgz242A1SetQiDL7g==}

  playwright-core@1.46.1:
    resolution: {integrity: sha512-h9LqIQaAv+CYvWzsZ+h3RsrqCStkBHlgo6/TJlFst3cOTlLghBQlJwPOZKQJTKNaD3QIB7aAVQ+gfWbN3NXB7A==}
    engines: {node: '>=18'}
    hasBin: true

  playwright@1.46.1:
    resolution: {integrity: sha512-oPcr1yqoXLCkgKtD5eNUPLiN40rYEM39odNpIb6VE6S7/15gJmA1NzVv6zJYusV0e7tzvkU/utBFNa/Kpxmwng==}
    engines: {node: '>=18'}
    hasBin: true

  properties@1.2.1:
    resolution: {integrity: sha512-qYNxyMj1JeW54i/EWEFsM1cVwxJbtgPp8+0Wg9XjNaK6VE/c4oRi6PNu5p7w1mNXEIQIjV5Wwn8v8Gz82/QzdQ==}
    engines: {node: '>=0.10'}

  undici-types@6.19.8:
    resolution: {integrity: sha512-ve2KP6f/JnbPBFyobGHuerC9g1FYGn/F8n1LWTwNxCEzd6IfqTwUQcNXgEtmmQ6DlRrC1hrSrBnCZPokRrDHjw==}

snapshots:

  '@playwright/test@1.46.1':
    dependencies:
      playwright: 1.46.1

  '@types/node@22.5.0':
    dependencies:
      undici-types: 6.19.8

  allure-js-commons@3.0.0-beta.10(allure-playwright@3.0.0-beta.10(@playwright/test@1.46.1)):
    dependencies:
      md5: 2.3.0
      properties: 1.2.1
    optionalDependencies:
      allure-playwright: 3.0.0-beta.10(@playwright/test@1.46.1)

  allure-playwright@3.0.0-beta.10(@playwright/test@1.46.1):
    dependencies:
      '@playwright/test': 1.46.1
      allure-js-commons: 3.0.0-beta.10(allure-playwright@3.0.0-beta.10(@playwright/test@1.46.1))

  charenc@0.0.2: {}

  crypt@0.0.2: {}

  dotenv@16.4.5: {}

  fsevents@2.3.2:
    optional: true

  is-buffer@1.1.6: {}

  md5@2.3.0:
    dependencies:
      charenc: 0.0.2
      crypt: 0.0.2
      is-buffer: 1.1.6

  playwright-core@1.46.1: {}

  playwright@1.46.1:
    dependencies:
      playwright-core: 1.46.1
    optionalDependencies:
      fsevents: 2.3.2

  properties@1.2.1: {}

  undici-types@6.19.8: {}
